
Microsoft Visual Studio Solution File, Format Version 12.00
Project("{FAE04EC0-301F-11D3-BF4B-00C04F79EFBC}") = "OfX", "src\OfX\OfX.csproj", "{CAB8CF6C-4A1D-43C6-836A-C5A7349D062E}"
EndProject
Project("{FAE04EC0-301F-11D3-BF4B-00C04F79EFBC}") = "OfX.Tests", "src\OfX.Tests\OfX.Tests.csproj", "{D5882EA1-B021-4AC3-9F33-EA29B2B0D343}"
EndProject
Project("{FAE04EC0-301F-11D3-BF4B-00C04F79EFBC}") = "OfX.EntityFrameworkCore", "src\OfX.EntityFrameworkCore\OfX.EntityFrameworkCore.csproj", "{FAD1D6ED-BD28-4A92-A164-28CC796B0541}"
EndProject
Project("{FAE04EC0-301F-11D3-BF4B-00C04F79EFBC}") = "OfX.Grpc", "src\OfX.Grpc\OfX.Grpc.csproj", "{36F9049C-6A77-4EF7-9CE0-86A22CA36DEA}"
EndProject
Project("{FAE04EC0-301F-11D3-BF4B-00C04F79EFBC}") = "OfX.Nats", "src\OfX.Nats\OfX.Nats.csproj", "{4E3B4EB4-8A12-41A4-B630-2601414CE0F3}"
EndProject
Project("{FAE04EC0-301F-11D3-BF4B-00C04F79EFBC}") = "OfX.RabbitMq", "src\OfX.RabbitMq\OfX.RabbitMq.csproj", "{C2D5D291-CFE2-4EBD-9EB0-B454AAB491EE}"
EndProject
Project("{FAE04EC0-301F-11D3-BF4B-00C04F79EFBC}") = "OfX.Kafka", "src\OfX.Kafka\OfX.Kafka.csproj", "{C65A7ADA-6744-474D-A19B-81FE0E058FA1}"
EndProject
Project("{2150E333-8FDC-42A3-9474-1A3956D46DE8}") = "Test", "Test", "{64A3D1BD-40CB-438B-BF40-797E6BA137EF}"
EndProject
Project("{FAE04EC0-301F-11D3-BF4B-00C04F79EFBC}") = "Kernel", "test\Kernel\Kernel.csproj", "{7CA494D8-0D88-4646-A486-A3A89829C5AA}"
EndProject
Project("{FAE04EC0-301F-11D3-BF4B-00C04F79EFBC}") = "Service1.Contract", "test\Service1.Contract\Service1.Contract.csproj", "{A95E2CCB-C09D-4287-A6EE-F42E4308EB45}"
EndProject
Project("{FAE04EC0-301F-11D3-BF4B-00C04F79EFBC}") = "Service1", "test\Service1\Service1.csproj", "{62329584-75E3-4928-99B0-ED5D989EB73A}"
EndProject
Project("{FAE04EC0-301F-11D3-BF4B-00C04F79EFBC}") = "Service2", "test\Service2\Service2.csproj", "{24AE966D-445C-45B4-A2DE-3FFE00A1B085}"
EndProject
Project("{FAE04EC0-301F-11D3-BF4B-00C04F79EFBC}") = "Service3", "test\Service3\Service3.csproj", "{D8EA35E1-AE10-40C3-A56B-73EA3C78E31D}"
EndProject
Project("{2150E333-8FDC-42A3-9474-1A3956D46DE8}") = "Contracts", "Contracts", "{F7853EB8-FE92-4B11-B48E-81F5E03AFD54}"
EndProject
Project("{2150E333-8FDC-42A3-9474-1A3956D46DE8}") = "OfX.Core", "OfX.Core", "{C7ED520E-CE23-4CB9-B61B-D298AF4EF540}"
EndProject
Project("{2150E333-8FDC-42A3-9474-1A3956D46DE8}") = "OfX.Transports", "OfX.Transports", "{666E6295-A67D-4F65-9F09-08D046995349}"
EndProject
Project("{2150E333-8FDC-42A3-9474-1A3956D46DE8}") = "OfX.DataProviders", "OfX.DataProviders", "{AA804431-1E71-4A1E-82EB-9828A213F27A}"
EndProject
Global
	GlobalSection(SolutionConfigurationPlatforms) = preSolution
		Debug|Any CPU = Debug|Any CPU
		Release|Any CPU = Release|Any CPU
	EndGlobalSection
	GlobalSection(ProjectConfigurationPlatforms) = postSolution
		{CAB8CF6C-4A1D-43C6-836A-C5A7349D062E}.Debug|Any CPU.ActiveCfg = Debug|Any CPU
		{CAB8CF6C-4A1D-43C6-836A-C5A7349D062E}.Debug|Any CPU.Build.0 = Debug|Any CPU
		{CAB8CF6C-4A1D-43C6-836A-C5A7349D062E}.Release|Any CPU.ActiveCfg = Release|Any CPU
		{CAB8CF6C-4A1D-43C6-836A-C5A7349D062E}.Release|Any CPU.Build.0 = Release|Any CPU
		{D5882EA1-B021-4AC3-9F33-EA29B2B0D343}.Debug|Any CPU.ActiveCfg = Debug|Any CPU
		{D5882EA1-B021-4AC3-9F33-EA29B2B0D343}.Debug|Any CPU.Build.0 = Debug|Any CPU
		{D5882EA1-B021-4AC3-9F33-EA29B2B0D343}.Release|Any CPU.ActiveCfg = Release|Any CPU
		{D5882EA1-B021-4AC3-9F33-EA29B2B0D343}.Release|Any CPU.Build.0 = Release|Any CPU
		{FAD1D6ED-BD28-4A92-A164-28CC796B0541}.Debug|Any CPU.ActiveCfg = Debug|Any CPU
		{FAD1D6ED-BD28-4A92-A164-28CC796B0541}.Debug|Any CPU.Build.0 = Debug|Any CPU
		{FAD1D6ED-BD28-4A92-A164-28CC796B0541}.Release|Any CPU.ActiveCfg = Release|Any CPU
		{FAD1D6ED-BD28-4A92-A164-28CC796B0541}.Release|Any CPU.Build.0 = Release|Any CPU
		{36F9049C-6A77-4EF7-9CE0-86A22CA36DEA}.Debug|Any CPU.ActiveCfg = Debug|Any CPU
		{36F9049C-6A77-4EF7-9CE0-86A22CA36DEA}.Debug|Any CPU.Build.0 = Debug|Any CPU
		{36F9049C-6A77-4EF7-9CE0-86A22CA36DEA}.Release|Any CPU.ActiveCfg = Release|Any CPU
		{36F9049C-6A77-4EF7-9CE0-86A22CA36DEA}.Release|Any CPU.Build.0 = Release|Any CPU
		{4E3B4EB4-8A12-41A4-B630-2601414CE0F3}.Debug|Any CPU.ActiveCfg = Debug|Any CPU
		{4E3B4EB4-8A12-41A4-B630-2601414CE0F3}.Debug|Any CPU.Build.0 = Debug|Any CPU
		{4E3B4EB4-8A12-41A4-B630-2601414CE0F3}.Release|Any CPU.ActiveCfg = Release|Any CPU
		{4E3B4EB4-8A12-41A4-B630-2601414CE0F3}.Release|Any CPU.Build.0 = Release|Any CPU
		{C2D5D291-CFE2-4EBD-9EB0-B454AAB491EE}.Debug|Any CPU.ActiveCfg = Debug|Any CPU
		{C2D5D291-CFE2-4EBD-9EB0-B454AAB491EE}.Debug|Any CPU.Build.0 = Debug|Any CPU
		{C2D5D291-CFE2-4EBD-9EB0-B454AAB491EE}.Release|Any CPU.ActiveCfg = Release|Any CPU
		{C2D5D291-CFE2-4EBD-9EB0-B454AAB491EE}.Release|Any CPU.Build.0 = Release|Any CPU
		{C65A7ADA-6744-474D-A19B-81FE0E058FA1}.Debug|Any CPU.ActiveCfg = Debug|Any CPU
		{C65A7ADA-6744-474D-A19B-81FE0E058FA1}.Debug|Any CPU.Build.0 = Debug|Any CPU
		{C65A7ADA-6744-474D-A19B-81FE0E058FA1}.Release|Any CPU.ActiveCfg = Release|Any CPU
		{C65A7ADA-6744-474D-A19B-81FE0E058FA1}.Release|Any CPU.Build.0 = Release|Any CPU
		{7CA494D8-0D88-4646-A486-A3A89829C5AA}.Debug|Any CPU.ActiveCfg = Debug|Any CPU
		{7CA494D8-0D88-4646-A486-A3A89829C5AA}.Debug|Any CPU.Build.0 = Debug|Any CPU
		{7CA494D8-0D88-4646-A486-A3A89829C5AA}.Release|Any CPU.ActiveCfg = Release|Any CPU
		{7CA494D8-0D88-4646-A486-A3A89829C5AA}.Release|Any CPU.Build.0 = Release|Any CPU
		{A95E2CCB-C09D-4287-A6EE-F42E4308EB45}.Debug|Any CPU.ActiveCfg = Debug|Any CPU
		{A95E2CCB-C09D-4287-A6EE-F42E4308EB45}.Debug|Any CPU.Build.0 = Debug|Any CPU
		{A95E2CCB-C09D-4287-A6EE-F42E4308EB45}.Release|Any CPU.ActiveCfg = Release|Any CPU
		{A95E2CCB-C09D-4287-A6EE-F42E4308EB45}.Release|Any CPU.Build.0 = Release|Any CPU
		{62329584-75E3-4928-99B0-ED5D989EB73A}.Debug|Any CPU.ActiveCfg = Debug|Any CPU
		{62329584-75E3-4928-99B0-ED5D989EB73A}.Debug|Any CPU.Build.0 = Debug|Any CPU
		{62329584-75E3-4928-99B0-ED5D989EB73A}.Release|Any CPU.ActiveCfg = Release|Any CPU
		{62329584-75E3-4928-99B0-ED5D989EB73A}.Release|Any CPU.Build.0 = Release|Any CPU
		{24AE966D-445C-45B4-A2DE-3FFE00A1B085}.Debug|Any CPU.ActiveCfg = Debug|Any CPU
		{24AE966D-445C-45B4-A2DE-3FFE00A1B085}.Debug|Any CPU.Build.0 = Debug|Any CPU
		{24AE966D-445C-45B4-A2DE-3FFE00A1B085}.Release|Any CPU.ActiveCfg = Release|Any CPU
		{24AE966D-445C-45B4-A2DE-3FFE00A1B085}.Release|Any CPU.Build.0 = Release|Any CPU
		{D8EA35E1-AE10-40C3-A56B-73EA3C78E31D}.Debug|Any CPU.ActiveCfg = Debug|Any CPU
		{D8EA35E1-AE10-40C3-A56B-73EA3C78E31D}.Debug|Any CPU.Build.0 = Debug|Any CPU
		{D8EA35E1-AE10-40C3-A56B-73EA3C78E31D}.Release|Any CPU.ActiveCfg = Release|Any CPU
		{D8EA35E1-AE10-40C3-A56B-73EA3C78E31D}.Release|Any CPU.Build.0 = Release|Any CPU
	EndGlobalSection
	GlobalSection(NestedProjects) = preSolution
		{62329584-75E3-4928-99B0-ED5D989EB73A} = {64A3D1BD-40CB-438B-BF40-797E6BA137EF}
		{24AE966D-445C-45B4-A2DE-3FFE00A1B085} = {64A3D1BD-40CB-438B-BF40-797E6BA137EF}
		{D8EA35E1-AE10-40C3-A56B-73EA3C78E31D} = {64A3D1BD-40CB-438B-BF40-797E6BA137EF}
		{F7853EB8-FE92-4B11-B48E-81F5E03AFD54} = {64A3D1BD-40CB-438B-BF40-797E6BA137EF}
		{7CA494D8-0D88-4646-A486-A3A89829C5AA} = {F7853EB8-FE92-4B11-B48E-81F5E03AFD54}
		{A95E2CCB-C09D-4287-A6EE-F42E4308EB45} = {F7853EB8-FE92-4B11-B48E-81F5E03AFD54}
		{CAB8CF6C-4A1D-43C6-836A-C5A7349D062E} = {C7ED520E-CE23-4CB9-B61B-D298AF4EF540}
		{36F9049C-6A77-4EF7-9CE0-86A22CA36DEA} = {666E6295-A67D-4F65-9F09-08D046995349}
		{C65A7ADA-6744-474D-A19B-81FE0E058FA1} = {666E6295-A67D-4F65-9F09-08D046995349}
		{4E3B4EB4-8A12-41A4-B630-2601414CE0F3} = {666E6295-A67D-4F65-9F09-08D046995349}
		{C2D5D291-CFE2-4EBD-9EB0-B454AAB491EE} = {666E6295-A67D-4F65-9F09-08D046995349}
		{FAD1D6ED-BD28-4A92-A164-28CC796B0541} = {AA804431-1E71-4A1E-82EB-9828A213F27A}
	EndGlobalSection
EndGlobal
