
Microsoft Visual Studio Solution File, Format Version 12.00
Project("{FAE04EC0-301F-11D3-BF4B-00C04F79EFBC}") = "OfX", "src\OfX\OfX.csproj", "{CAB8CF6C-4A1D-43C6-836A-C5A7349D062E}"
EndProject
Project("{FAE04EC0-301F-11D3-BF4B-00C04F79EFBC}") = "OfX.Tests", "src\OfX.Tests\OfX.Tests.csproj", "{D5882EA1-B021-4AC3-9F33-EA29B2B0D343}"
EndProject
Project("{FAE04EC0-301F-11D3-BF4B-00C04F79EFBC}") = "OfX.EntityFrameworkCore", "src\OfX.EntityFrameworkCore\OfX.EntityFrameworkCore.csproj", "{FAD1D6ED-BD28-4A92-A164-28CC796B0541}"
EndProject
Project("{FAE04EC0-301F-11D3-BF4B-00C04F79EFBC}") = "OfX.Grpc", "src\OfX.Grpc\OfX.Grpc.csproj", "{36F9049C-6A77-4EF7-9CE0-86A22CA36DEA}"
EndProject
Global
	GlobalSection(SolutionConfigurationPlatforms) = preSolution
		Debug|Any CPU = Debug|Any CPU
		Release|Any CPU = Release|Any CPU
	EndGlobalSection
	GlobalSection(ProjectConfigurationPlatforms) = postSolution
		{CAB8CF6C-4A1D-43C6-836A-C5A7349D062E}.Debug|Any CPU.ActiveCfg = Debug|Any CPU
		{CAB8CF6C-4A1D-43C6-836A-C5A7349D062E}.Debug|Any CPU.Build.0 = Debug|Any CPU
		{CAB8CF6C-4A1D-43C6-836A-C5A7349D062E}.Release|Any CPU.ActiveCfg = Release|Any CPU
		{CAB8CF6C-4A1D-43C6-836A-C5A7349D062E}.Release|Any CPU.Build.0 = Release|Any CPU
		{D5882EA1-B021-4AC3-9F33-EA29B2B0D343}.Debug|Any CPU.ActiveCfg = Debug|Any CPU
		{D5882EA1-B021-4AC3-9F33-EA29B2B0D343}.Debug|Any CPU.Build.0 = Debug|Any CPU
		{D5882EA1-B021-4AC3-9F33-EA29B2B0D343}.Release|Any CPU.ActiveCfg = Release|Any CPU
		{D5882EA1-B021-4AC3-9F33-EA29B2B0D343}.Release|Any CPU.Build.0 = Release|Any CPU
		{FAD1D6ED-BD28-4A92-A164-28CC796B0541}.Debug|Any CPU.ActiveCfg = Debug|Any CPU
		{FAD1D6ED-BD28-4A92-A164-28CC796B0541}.Debug|Any CPU.Build.0 = Debug|Any CPU
		{FAD1D6ED-BD28-4A92-A164-28CC796B0541}.Release|Any CPU.ActiveCfg = Release|Any CPU
		{FAD1D6ED-BD28-4A92-A164-28CC796B0541}.Release|Any CPU.Build.0 = Release|Any CPU
		{36F9049C-6A77-4EF7-9CE0-86A22CA36DEA}.Debug|Any CPU.ActiveCfg = Debug|Any CPU
		{36F9049C-6A77-4EF7-9CE0-86A22CA36DEA}.Debug|Any CPU.Build.0 = Debug|Any CPU
		{36F9049C-6A77-4EF7-9CE0-86A22CA36DEA}.Release|Any CPU.ActiveCfg = Release|Any CPU
		{36F9049C-6A77-4EF7-9CE0-86A22CA36DEA}.Release|Any CPU.Build.0 = Release|Any CPU
	EndGlobalSection
	GlobalSection(NestedProjects) = preSolution
	EndGlobalSection
EndGlobal
