
Microsoft Visual Studio Solution File, Format Version 12.00
Project("{FAE04EC0-301F-11D3-BF4B-00C04F79EFBC}") = "OfX", "src\OfX\OfX.csproj", "{CAB8CF6C-4A1D-43C6-836A-C5A7349D062E}"
EndProject
Project("{FAE04EC0-301F-11D3-BF4B-00C04F79EFBC}") = "OfX.Tests", "src\OfX.Tests\OfX.Tests.csproj", "{D5882EA1-B021-4AC3-9F33-EA29B2B0D343}"
EndProject
Project("{FAE04EC0-301F-11D3-BF4B-00C04F79EFBC}") = "OfX.EntityFrameworkCore", "src\OfX.EntityFrameworkCore\OfX.EntityFrameworkCore.csproj", "{FAD1D6ED-BD28-4A92-A164-28CC796B0541}"
EndProject
Project("{FAE04EC0-301F-11D3-BF4B-00C04F79EFBC}") = "OfX.Grpc", "src\OfX.Grpc\OfX.Grpc.csproj", "{36F9049C-6A77-4EF7-9CE0-86A22CA36DEA}"
EndProject
Project("{FAE04EC0-301F-11D3-BF4B-00C04F79EFBC}") = "OfX.Nats", "src\OfX.Nats\OfX.Nats.csproj", "{4E3B4EB4-8A12-41A4-B630-2601414CE0F3}"
EndProject
Project("{2150E333-8FDC-42A3-9474-1A3956D46DE8}") = "RealTest", "RealTest", "{58463FE9-951F-4EB3-BAA4-298EF4DADDF6}"
EndProject
Project("{FAE04EC0-301F-11D3-BF4B-00C04F79EFBC}") = "Kernel", "RealTest\Kernel\Kernel.csproj", "{A6DE45EE-7842-4079-ACEC-E1153C7B7188}"
EndProject
Project("{FAE04EC0-301F-11D3-BF4B-00C04F79EFBC}") = "Service1", "RealTest\Service1\Service1.csproj", "{0D4F0D17-3D89-431F-A12A-94CA5760C9E0}"
EndProject
Project("{FAE04EC0-301F-11D3-BF4B-00C04F79EFBC}") = "Service1.Contract", "RealTest\Service1.Contract\Service1.Contract.csproj", "{712F51A0-59A0-4EFB-96EA-44F03F971549}"
EndProject
Project("{FAE04EC0-301F-11D3-BF4B-00C04F79EFBC}") = "Service2", "RealTest\Service2\Service2.csproj", "{7DF8C88D-B824-4826-BD8B-EFF2E9352D2A}"
EndProject
Project("{FAE04EC0-301F-11D3-BF4B-00C04F79EFBC}") = "Service3", "RealTest\Service3\Service3.csproj", "{DC8D7CB3-1A39-42EA-9D67-99397D64B89D}"
EndProject
Project("{FAE04EC0-301F-11D3-BF4B-00C04F79EFBC}") = "OfX.RabbitMq", "src\OfX.RabbitMq\OfX.RabbitMq.csproj", "{C2D5D291-CFE2-4EBD-9EB0-B454AAB491EE}"
EndProject
Project("{2150E333-8FDC-42A3-9474-1A3956D46DE8}") = "Contracts", "Contracts", "{AB890FC3-6E3B-4D1D-86F2-BEE1BD51F382}"
EndProject
Project("{FAE04EC0-301F-11D3-BF4B-00C04F79EFBC}") = "OfX.Kafka", "OfX.Kafka\OfX.Kafka.csproj", "{B2ED232C-B71C-4FFF-A5B3-32589FA9F5FF}"
EndProject
Global
	GlobalSection(SolutionConfigurationPlatforms) = preSolution
		Debug|Any CPU = Debug|Any CPU
		Release|Any CPU = Release|Any CPU
	EndGlobalSection
	GlobalSection(ProjectConfigurationPlatforms) = postSolution
		{CAB8CF6C-4A1D-43C6-836A-C5A7349D062E}.Debug|Any CPU.ActiveCfg = Debug|Any CPU
		{CAB8CF6C-4A1D-43C6-836A-C5A7349D062E}.Debug|Any CPU.Build.0 = Debug|Any CPU
		{CAB8CF6C-4A1D-43C6-836A-C5A7349D062E}.Release|Any CPU.ActiveCfg = Release|Any CPU
		{CAB8CF6C-4A1D-43C6-836A-C5A7349D062E}.Release|Any CPU.Build.0 = Release|Any CPU
		{D5882EA1-B021-4AC3-9F33-EA29B2B0D343}.Debug|Any CPU.ActiveCfg = Debug|Any CPU
		{D5882EA1-B021-4AC3-9F33-EA29B2B0D343}.Debug|Any CPU.Build.0 = Debug|Any CPU
		{D5882EA1-B021-4AC3-9F33-EA29B2B0D343}.Release|Any CPU.ActiveCfg = Release|Any CPU
		{D5882EA1-B021-4AC3-9F33-EA29B2B0D343}.Release|Any CPU.Build.0 = Release|Any CPU
		{FAD1D6ED-BD28-4A92-A164-28CC796B0541}.Debug|Any CPU.ActiveCfg = Debug|Any CPU
		{FAD1D6ED-BD28-4A92-A164-28CC796B0541}.Debug|Any CPU.Build.0 = Debug|Any CPU
		{FAD1D6ED-BD28-4A92-A164-28CC796B0541}.Release|Any CPU.ActiveCfg = Release|Any CPU
		{FAD1D6ED-BD28-4A92-A164-28CC796B0541}.Release|Any CPU.Build.0 = Release|Any CPU
		{36F9049C-6A77-4EF7-9CE0-86A22CA36DEA}.Debug|Any CPU.ActiveCfg = Debug|Any CPU
		{36F9049C-6A77-4EF7-9CE0-86A22CA36DEA}.Debug|Any CPU.Build.0 = Debug|Any CPU
		{36F9049C-6A77-4EF7-9CE0-86A22CA36DEA}.Release|Any CPU.ActiveCfg = Release|Any CPU
		{36F9049C-6A77-4EF7-9CE0-86A22CA36DEA}.Release|Any CPU.Build.0 = Release|Any CPU
		{4E3B4EB4-8A12-41A4-B630-2601414CE0F3}.Debug|Any CPU.ActiveCfg = Debug|Any CPU
		{4E3B4EB4-8A12-41A4-B630-2601414CE0F3}.Debug|Any CPU.Build.0 = Debug|Any CPU
		{4E3B4EB4-8A12-41A4-B630-2601414CE0F3}.Release|Any CPU.ActiveCfg = Release|Any CPU
		{4E3B4EB4-8A12-41A4-B630-2601414CE0F3}.Release|Any CPU.Build.0 = Release|Any CPU
		{A6DE45EE-7842-4079-ACEC-E1153C7B7188}.Debug|Any CPU.ActiveCfg = Debug|Any CPU
		{A6DE45EE-7842-4079-ACEC-E1153C7B7188}.Debug|Any CPU.Build.0 = Debug|Any CPU
		{A6DE45EE-7842-4079-ACEC-E1153C7B7188}.Release|Any CPU.ActiveCfg = Release|Any CPU
		{A6DE45EE-7842-4079-ACEC-E1153C7B7188}.Release|Any CPU.Build.0 = Release|Any CPU
		{0D4F0D17-3D89-431F-A12A-94CA5760C9E0}.Debug|Any CPU.ActiveCfg = Debug|Any CPU
		{0D4F0D17-3D89-431F-A12A-94CA5760C9E0}.Debug|Any CPU.Build.0 = Debug|Any CPU
		{0D4F0D17-3D89-431F-A12A-94CA5760C9E0}.Release|Any CPU.ActiveCfg = Release|Any CPU
		{0D4F0D17-3D89-431F-A12A-94CA5760C9E0}.Release|Any CPU.Build.0 = Release|Any CPU
		{712F51A0-59A0-4EFB-96EA-44F03F971549}.Debug|Any CPU.ActiveCfg = Debug|Any CPU
		{712F51A0-59A0-4EFB-96EA-44F03F971549}.Debug|Any CPU.Build.0 = Debug|Any CPU
		{712F51A0-59A0-4EFB-96EA-44F03F971549}.Release|Any CPU.ActiveCfg = Release|Any CPU
		{712F51A0-59A0-4EFB-96EA-44F03F971549}.Release|Any CPU.Build.0 = Release|Any CPU
		{7DF8C88D-B824-4826-BD8B-EFF2E9352D2A}.Debug|Any CPU.ActiveCfg = Debug|Any CPU
		{7DF8C88D-B824-4826-BD8B-EFF2E9352D2A}.Debug|Any CPU.Build.0 = Debug|Any CPU
		{7DF8C88D-B824-4826-BD8B-EFF2E9352D2A}.Release|Any CPU.ActiveCfg = Release|Any CPU
		{7DF8C88D-B824-4826-BD8B-EFF2E9352D2A}.Release|Any CPU.Build.0 = Release|Any CPU
		{DC8D7CB3-1A39-42EA-9D67-99397D64B89D}.Debug|Any CPU.ActiveCfg = Debug|Any CPU
		{DC8D7CB3-1A39-42EA-9D67-99397D64B89D}.Debug|Any CPU.Build.0 = Debug|Any CPU
		{DC8D7CB3-1A39-42EA-9D67-99397D64B89D}.Release|Any CPU.ActiveCfg = Release|Any CPU
		{DC8D7CB3-1A39-42EA-9D67-99397D64B89D}.Release|Any CPU.Build.0 = Release|Any CPU
		{C2D5D291-CFE2-4EBD-9EB0-B454AAB491EE}.Debug|Any CPU.ActiveCfg = Debug|Any CPU
		{C2D5D291-CFE2-4EBD-9EB0-B454AAB491EE}.Debug|Any CPU.Build.0 = Debug|Any CPU
		{C2D5D291-CFE2-4EBD-9EB0-B454AAB491EE}.Release|Any CPU.ActiveCfg = Release|Any CPU
		{C2D5D291-CFE2-4EBD-9EB0-B454AAB491EE}.Release|Any CPU.Build.0 = Release|Any CPU
		{B2ED232C-B71C-4FFF-A5B3-32589FA9F5FF}.Debug|Any CPU.ActiveCfg = Debug|Any CPU
		{B2ED232C-B71C-4FFF-A5B3-32589FA9F5FF}.Debug|Any CPU.Build.0 = Debug|Any CPU
		{B2ED232C-B71C-4FFF-A5B3-32589FA9F5FF}.Release|Any CPU.ActiveCfg = Release|Any CPU
		{B2ED232C-B71C-4FFF-A5B3-32589FA9F5FF}.Release|Any CPU.Build.0 = Release|Any CPU
	EndGlobalSection
	GlobalSection(NestedProjects) = preSolution
		{0D4F0D17-3D89-431F-A12A-94CA5760C9E0} = {58463FE9-951F-4EB3-BAA4-298EF4DADDF6}
		{7DF8C88D-B824-4826-BD8B-EFF2E9352D2A} = {58463FE9-951F-4EB3-BAA4-298EF4DADDF6}
		{DC8D7CB3-1A39-42EA-9D67-99397D64B89D} = {58463FE9-951F-4EB3-BAA4-298EF4DADDF6}
		{AB890FC3-6E3B-4D1D-86F2-BEE1BD51F382} = {58463FE9-951F-4EB3-BAA4-298EF4DADDF6}
		{A6DE45EE-7842-4079-ACEC-E1153C7B7188} = {AB890FC3-6E3B-4D1D-86F2-BEE1BD51F382}
		{712F51A0-59A0-4EFB-96EA-44F03F971549} = {AB890FC3-6E3B-4D1D-86F2-BEE1BD51F382}
	EndGlobalSection
EndGlobal
